
Microsoft Visual Studio Solution File, Format Version 12.00
# Visual Studio Version 17
VisualStudioVersion = 17.4.33213.308
MinimumVisualStudioVersion = 10.0.40219.1
Project("{FAE04EC0-301F-11D3-BF4B-00C04F79EFBC}") = "TaskWebApp.API", "TaskWebApp.API\TaskWebApp.API.csproj", "{3B74F460-701C-49A7-9C70-3D2A45F0925F}"
EndProject
Project("{FAE04EC0-301F-11D3-BF4B-00C04F79EFBC}") = "TaskConsoleApp", "TaskConsoleApp\TaskConsoleApp.csproj", "{55DC7C89-A4C1-492F-B7A9-3A8C9B4BD838}"
EndProject
Global
	GlobalSection(SolutionConfigurationPlatforms) = preSolution
		Debug|Any CPU = Debug|Any CPU
		Release|Any CPU = Release|Any CPU
	EndGlobalSection
	GlobalSection(ProjectConfigurationPlatforms) = postSolution
		{3B74F460-701C-49A7-9C70-3D2A45F0925F}.Debug|Any CPU.ActiveCfg = Debug|Any CPU
		{3B74F460-701C-49A7-9C70-3D2A45F0925F}.Debug|Any CPU.Build.0 = Debug|Any CPU
		{3B74F460-701C-49A7-9C70-3D2A45F0925F}.Release|Any CPU.ActiveCfg = Release|Any CPU
		{3B74F460-701C-49A7-9C70-3D2A45F0925F}.Release|Any CPU.Build.0 = Release|Any CPU
		{55DC7C89-A4C1-492F-B7A9-3A8C9B4BD838}.Debug|Any CPU.ActiveCfg = Debug|Any CPU
		{55DC7C89-A4C1-492F-B7A9-3A8C9B4BD838}.Debug|Any CPU.Build.0 = Debug|Any CPU
		{55DC7C89-A4C1-492F-B7A9-3A8C9B4BD838}.Release|Any CPU.ActiveCfg = Release|Any CPU
		{55DC7C89-A4C1-492F-B7A9-3A8C9B4BD838}.Release|Any CPU.Build.0 = Release|Any CPU
	EndGlobalSection
	GlobalSection(SolutionProperties) = preSolution
		HideSolutionNode = FALSE
	EndGlobalSection
	GlobalSection(ExtensibilityGlobals) = postSolution
		SolutionGuid = {C48259E4-3C2C-4A20-934A-355C482A65D1}
	EndGlobalSection
EndGlobal
